
Microsoft Visual Studio Solution File, Format Version 12.00
# Visual Studio Version 17
VisualStudioVersion = 17.14.36429.23 d17.14
MinimumVisualStudioVersion = 10.0.40219.1
Project("{FAE04EC0-301F-11D3-BF4B-00C04F79EFBC}") = "Api", "Api\Api.csproj", "{0D806DDA-99E3-45A1-9E0A-9F80FD329938}"
EndProject
Project("{FAE04EC0-301F-11D3-BF4B-00C04F79EFBC}") = "Application", "Application\Application.csproj", "{0981EFE8-F156-4C96-A9CC-26A09CE9B733}"
EndProject
Project("{FAE04EC0-301F-11D3-BF4B-00C04F79EFBC}") = "Domain", "Domain\Domain.csproj", "{FBE73581-8D08-47FF-A49F-BD861E938176}"
EndProject
Project("{FAE04EC0-301F-11D3-BF4B-00C04F79EFBC}") = "Infrastructure", "Infrastructure\Infrastructure.csproj", "{95AC8318-04A9-4A36-95E7-14A35ECB0FE4}"
EndProject
Project("{FAE04EC0-301F-11D3-BF4B-00C04F79EFBC}") = "Shared", "Shared\Shared.csproj", "{C7EA2B4C-8C1C-491A-9484-D251A0441DA8}"
EndProject
Global
	GlobalSection(SolutionConfigurationPlatforms) = preSolution
		Debug|Any CPU = Debug|Any CPU
		Release|Any CPU = Release|Any CPU
	EndGlobalSection
	GlobalSection(ProjectConfigurationPlatforms) = postSolution
		{0D806DDA-99E3-45A1-9E0A-9F80FD329938}.Debug|Any CPU.ActiveCfg = Debug|Any CPU
		{0D806DDA-99E3-45A1-9E0A-9F80FD329938}.Debug|Any CPU.Build.0 = Debug|Any CPU
		{0D806DDA-99E3-45A1-9E0A-9F80FD329938}.Release|Any CPU.ActiveCfg = Release|Any CPU
		{0D806DDA-99E3-45A1-9E0A-9F80FD329938}.Release|Any CPU.Build.0 = Release|Any CPU
		{0981EFE8-F156-4C96-A9CC-26A09CE9B733}.Debug|Any CPU.ActiveCfg = Debug|Any CPU
		{0981EFE8-F156-4C96-A9CC-26A09CE9B733}.Debug|Any CPU.Build.0 = Debug|Any CPU
		{0981EFE8-F156-4C96-A9CC-26A09CE9B733}.Release|Any CPU.ActiveCfg = Release|Any CPU
		{0981EFE8-F156-4C96-A9CC-26A09CE9B733}.Release|Any CPU.Build.0 = Release|Any CPU
		{FBE73581-8D08-47FF-A49F-BD861E938176}.Debug|Any CPU.ActiveCfg = Debug|Any CPU
		{FBE73581-8D08-47FF-A49F-BD861E938176}.Debug|Any CPU.Build.0 = Debug|Any CPU
		{FBE73581-8D08-47FF-A49F-BD861E938176}.Release|Any CPU.ActiveCfg = Release|Any CPU
		{FBE73581-8D08-47FF-A49F-BD861E938176}.Release|Any CPU.Build.0 = Release|Any CPU
		{95AC8318-04A9-4A36-95E7-14A35ECB0FE4}.Debug|Any CPU.ActiveCfg = Debug|Any CPU
		{95AC8318-04A9-4A36-95E7-14A35ECB0FE4}.Debug|Any CPU.Build.0 = Debug|Any CPU
		{95AC8318-04A9-4A36-95E7-14A35ECB0FE4}.Release|Any CPU.ActiveCfg = Release|Any CPU
		{95AC8318-04A9-4A36-95E7-14A35ECB0FE4}.Release|Any CPU.Build.0 = Release|Any CPU
		{C7EA2B4C-8C1C-491A-9484-D251A0441DA8}.Debug|Any CPU.ActiveCfg = Debug|Any CPU
		{C7EA2B4C-8C1C-491A-9484-D251A0441DA8}.Debug|Any CPU.Build.0 = Debug|Any CPU
		{C7EA2B4C-8C1C-491A-9484-D251A0441DA8}.Release|Any CPU.ActiveCfg = Release|Any CPU
		{C7EA2B4C-8C1C-491A-9484-D251A0441DA8}.Release|Any CPU.Build.0 = Release|Any CPU
	EndGlobalSection
	GlobalSection(SolutionProperties) = preSolution
		HideSolutionNode = FALSE
	EndGlobalSection
	GlobalSection(ExtensibilityGlobals) = postSolution
		SolutionGuid = {94B0B1AA-D738-471D-97E0-398DBBD04E16}
	EndGlobalSection
EndGlobal
